
Microsoft Visual Studio Solution File, Format Version 12.00
# Visual Studio Version 17
VisualStudioVersion = 17.5.33424.131
MinimumVisualStudioVersion = 10.0.40219.1
Project("{2150E333-8FDC-42A3-9474-1A3956D46DE8}") = "Solution Items", "Solution Items", "{8977988D-9A69-46BB-9C70-B34BE44D7A37}"
	ProjectSection(SolutionItems) = preProject
		.editorconfig = .editorconfig
		..\..\..\ppp\masuodfathi\SportComplex\code.html = ..\..\..\ppp\masuodfathi\SportComplex\code.html
		..\..\..\ppp\masuodfathi\SportComplex\HomeController.cs = ..\..\..\ppp\masuodfathi\SportComplex\HomeController.cs
		..\..\..\ppp\masuodfathi\SportComplex\homepage.html = ..\..\..\ppp\masuodfathi\SportComplex\homepage.html
		..\..\..\ppp\masuodfathi\SportComplex\login.html = ..\..\..\ppp\masuodfathi\SportComplex\login.html
		..\..\..\ppp\masuodfathi\SportComplex\registerform.html = ..\..\..\ppp\masuodfathi\SportComplex\registerform.html
		D:\koera\C#\Sport\sportmvc\sportmvc.csproj = D:\koera\C#\Sport\sportmvc\sportmvc.csproj
		..\..\..\ppp\masuodfathi\SportComplex\UsersController.cs = ..\..\..\ppp\masuodfathi\SportComplex\UsersController.cs
	EndProjectSection
EndProject
Project("{9A19103F-16F7-4668-BE54-9A1E7A4F7556}") = "sportmvc", "D:\koera\C#\Sport\sportmvc\sportmvc.csproj", "{060A6384-7AFF-40CD-BC6B-55B48B2DFFD4}"
EndProject
Global
	GlobalSection(SolutionConfigurationPlatforms) = preSolution
		Debug|Any CPU = Debug|Any CPU
		Release|Any CPU = Release|Any CPU
	EndGlobalSection
	GlobalSection(ProjectConfigurationPlatforms) = postSolution
		{060A6384-7AFF-40CD-BC6B-55B48B2DFFD4}.Debug|Any CPU.ActiveCfg = Debug|Any CPU
		{060A6384-7AFF-40CD-BC6B-55B48B2DFFD4}.Debug|Any CPU.Build.0 = Debug|Any CPU
		{060A6384-7AFF-40CD-BC6B-55B48B2DFFD4}.Release|Any CPU.ActiveCfg = Release|Any CPU
		{060A6384-7AFF-40CD-BC6B-55B48B2DFFD4}.Release|Any CPU.Build.0 = Release|Any CPU
	EndGlobalSection
	GlobalSection(SolutionProperties) = preSolution
		HideSolutionNode = FALSE
	EndGlobalSection
	GlobalSection(ExtensibilityGlobals) = postSolution
		SolutionGuid = {0DC6F317-1FFF-47A6-8397-0DAD80F2A503}
	EndGlobalSection
EndGlobal
